{
  "version": 4,
  "terraform_version": "1.0.0",
  "serial": 120,
  "lineage": "fcbf1978-55b3-d3a3-7083-ac68afb0e243",
  "outputs": {
    "vm-external-ip": {
      "value": [
        "34.78.198.186"
      ],
      "type": [
        "tuple",
        [
          "string"
        ]
      ]
    }
  },
  "resources": [
    {
      "mode": "managed",
      "type": "google_compute_firewall",
      "name": "allow-http",
      "provider": "provider[\"registry.terraform.io/hashicorp/google\"]",
      "instances": [
        {
          "schema_version": 1,
          "attributes": {
            "allow": [
              {
                "ports": [
                  "80"
                ],
                "protocol": "tcp"
              }
            ],
            "creation_timestamp": "2021-06-16T04:37:02.723-07:00",
            "deny": [],
            "description": "",
            "destination_ranges": [],
            "direction": "INGRESS",
            "disabled": false,
            "enable_logging": null,
            "id": "projects/terraform-316615/global/firewalls/rad-test-fw-allow-http",
            "log_config": [],
            "name": "rad-test-fw-allow-http",
            "network": "https://www.googleapis.com/compute/v1/projects/terraform-316615/global/networks/rad-test-vpc",
            "priority": 1000,
            "project": "terraform-316615",
            "self_link": "https://www.googleapis.com/compute/v1/projects/terraform-316615/global/firewalls/rad-test-fw-allow-http",
            "source_ranges": [
              "0.0.0.0/0"
            ],
            "source_service_accounts": null,
            "source_tags": null,
            "target_service_accounts": null,
            "target_tags": [
              "http"
            ],
            "timeouts": null
          },
          "sensitive_attributes": [],
          "private": "eyJlMmJmYjczMC1lY2FhLTExZTYtOGY4OC0zNDM2M2JjN2M0YzAiOnsiY3JlYXRlIjoyNDAwMDAwMDAwMDAsImRlbGV0ZSI6MjQwMDAwMDAwMDAwLCJ1cGRhdGUiOjI0MDAwMDAwMDAwMH0sInNjaGVtYV92ZXJzaW9uIjoiMSJ9",
          "dependencies": [
            "google_compute_network.vpc"
          ]
        }
      ]
    },
    {
      "mode": "managed",
      "type": "google_compute_firewall",
      "name": "allow-https",
      "provider": "provider[\"registry.terraform.io/hashicorp/google\"]",
      "instances": [
        {
          "schema_version": 1,
          "attributes": {
            "allow": [
              {
                "ports": [
                  "443"
                ],
                "protocol": "tcp"
              }
            ],
            "creation_timestamp": "2021-06-16T04:37:02.905-07:00",
            "deny": [],
            "description": "",
            "destination_ranges": [],
            "direction": "INGRESS",
            "disabled": false,
            "enable_logging": null,
            "id": "projects/terraform-316615/global/firewalls/rad-test-fw-allow-https",
            "log_config": [],
            "name": "rad-test-fw-allow-https",
            "network": "https://www.googleapis.com/compute/v1/projects/terraform-316615/global/networks/rad-test-vpc",
            "priority": 1000,
            "project": "terraform-316615",
            "self_link": "https://www.googleapis.com/compute/v1/projects/terraform-316615/global/firewalls/rad-test-fw-allow-https",
            "source_ranges": [
              "0.0.0.0/0"
            ],
            "source_service_accounts": null,
            "source_tags": null,
            "target_service_accounts": null,
            "target_tags": [
              "https"
            ],
            "timeouts": null
          },
          "sensitive_attributes": [],
          "private": "eyJlMmJmYjczMC1lY2FhLTExZTYtOGY4OC0zNDM2M2JjN2M0YzAiOnsiY3JlYXRlIjoyNDAwMDAwMDAwMDAsImRlbGV0ZSI6MjQwMDAwMDAwMDAwLCJ1cGRhdGUiOjI0MDAwMDAwMDAwMH0sInNjaGVtYV92ZXJzaW9uIjoiMSJ9",
          "dependencies": [
            "google_compute_network.vpc"
          ]
        }
      ]
    },
    {
      "mode": "managed",
      "type": "google_compute_firewall",
      "name": "allow-internal",
      "provider": "provider[\"registry.terraform.io/hashicorp/google\"]",
      "instances": [
        {
          "schema_version": 1,
          "attributes": {
            "allow": [
              {
                "ports": [
                  "0-65535"
                ],
                "protocol": "tcp"
              },
              {
                "ports": [
                  "0-65535"
                ],
                "protocol": "udp"
              },
              {
                "ports": [],
                "protocol": "icmp"
              }
            ],
            "creation_timestamp": "2021-06-16T04:37:02.987-07:00",
            "deny": [],
            "description": "",
            "destination_ranges": [],
            "direction": "INGRESS",
            "disabled": false,
            "enable_logging": null,
            "id": "projects/terraform-316615/global/firewalls/rad-test-fw-allow-internal",
            "log_config": [],
            "name": "rad-test-fw-allow-internal",
            "network": "https://www.googleapis.com/compute/v1/projects/terraform-316615/global/networks/rad-test-vpc",
            "priority": 1000,
            "project": "terraform-316615",
            "self_link": "https://www.googleapis.com/compute/v1/projects/terraform-316615/global/firewalls/rad-test-fw-allow-internal",
            "source_ranges": [
              "10.10.1.0/24"
            ],
            "source_service_accounts": null,
            "source_tags": null,
            "target_service_accounts": null,
            "target_tags": null,
            "timeouts": null
          },
          "sensitive_attributes": [],
          "private": "eyJlMmJmYjczMC1lY2FhLTExZTYtOGY4OC0zNDM2M2JjN2M0YzAiOnsiY3JlYXRlIjoyNDAwMDAwMDAwMDAsImRlbGV0ZSI6MjQwMDAwMDAwMDAwLCJ1cGRhdGUiOjI0MDAwMDAwMDAwMH0sInNjaGVtYV92ZXJzaW9uIjoiMSJ9",
          "dependencies": [
            "google_compute_network.vpc"
          ]
        }
      ]
    },
    {
      "mode": "managed",
      "type": "google_compute_firewall",
      "name": "allow-ssh",
      "provider": "provider[\"registry.terraform.io/hashicorp/google\"]",
      "instances": [
        {
          "schema_version": 1,
          "attributes": {
            "allow": [
              {
                "ports": [
                  "22"
                ],
                "protocol": "tcp"
              }
            ],
            "creation_timestamp": "2021-06-16T04:37:02.891-07:00",
            "deny": [],
            "description": "",
            "destination_ranges": [],
            "direction": "INGRESS",
            "disabled": false,
            "enable_logging": null,
            "id": "projects/terraform-316615/global/firewalls/rad-test-fw-allow-ssh",
            "log_config": [],
            "name": "rad-test-fw-allow-ssh",
            "network": "https://www.googleapis.com/compute/v1/projects/terraform-316615/global/networks/rad-test-vpc",
            "priority": 1000,
            "project": "terraform-316615",
            "self_link": "https://www.googleapis.com/compute/v1/projects/terraform-316615/global/firewalls/rad-test-fw-allow-ssh",
            "source_ranges": [
              "0.0.0.0/0"
            ],
            "source_service_accounts": null,
            "source_tags": null,
            "target_service_accounts": null,
            "target_tags": [
              "ssh"
            ],
            "timeouts": null
          },
          "sensitive_attributes": [],
          "private": "eyJlMmJmYjczMC1lY2FhLTExZTYtOGY4OC0zNDM2M2JjN2M0YzAiOnsiY3JlYXRlIjoyNDAwMDAwMDAwMDAsImRlbGV0ZSI6MjQwMDAwMDAwMDAwLCJ1cGRhdGUiOjI0MDAwMDAwMDAwMH0sInNjaGVtYV92ZXJzaW9uIjoiMSJ9",
          "dependencies": [
            "google_compute_network.vpc"
          ]
        }
      ]
    },
    {
      "mode": "managed",
      "type": "google_compute_instance",
      "name": "vm_instance_public",
      "provider": "provider[\"registry.terraform.io/hashicorp/google\"]",
      "instances": [
        {
          "index_key": 0,
          "schema_version": 6,
          "attributes": {
            "allow_stopping_for_update": null,
            "attached_disk": [],
            "boot_disk": [
              {
                "auto_delete": true,
                "device_name": "persistent-disk-0",
                "disk_encryption_key_raw": "",
                "disk_encryption_key_sha256": "",
                "initialize_params": [
                  {
                    "image": "https://www.googleapis.com/compute/v1/projects/ubuntu-os-cloud/global/images/ubuntu-1804-bionic-v20210604",
                    "labels": {},
                    "size": 10,
                    "type": "pd-standard"
                  }
                ],
                "kms_key_self_link": "",
                "mode": "READ_WRITE",
                "source": "https://www.googleapis.com/compute/v1/projects/terraform-316615/zones/europe-west1-b/disks/rad-test-vm-0"
              }
            ],
            "can_ip_forward": false,
            "confidential_instance_config": [],
            "cpu_platform": "Intel Haswell",
            "current_status": "RUNNING",
            "deletion_protection": false,
            "description": "",
            "desired_status": null,
            "enable_display": false,
            "guest_accelerator": [],
            "hostname": "rad-vm-3f20fe3a.rad.com",
            "id": "projects/terraform-316615/zones/europe-west1-b/instances/rad-test-vm-0",
            "instance_id": "4273128081983823006",
            "label_fingerprint": "42WmSpB8rSM=",
            "labels": null,
            "machine_type": "e2-micro",
            "metadata": {
              "ssh-keys": "dchasniuk:ssh-rsa AAAAB3NzaC1yc2EAAAADAQABAAACAQCy/Tjv+hq9b1qKubLrh5gmVD2xc96DKrl4iti6DKDyNZCwAEfRjOeREyQcs+HRy/MO/atSDUVkj1V0H68fZPtNvXBQUKaxDcb8Ii/64HHrhikzAVwOLZQzYR11qC2oy+018TkTu4kpkIa7pqTVm1hu3GHzZrk2zy7M60JzJ9BaBhi5+zmDIAu+LMjUzq7ARJi9Eg0kOyp0Hu4+J40aoF5H3LV1pcwOwgr/yvEZYdvsys8leuC5dO5juUuqK1yT5MySAeL8vb4S/HKf/NmyoZtvXcRtp/1+IMINtBoGC5hPqcZQ1sBvOxxcDdBUgw110ombKU8a9j6GNVEvPaC4hqAbn7Jd8Zspdkm/OnW0G8gY8pweACjz6kUtKdxUD94CmOpaa5gn4E8b5YhxlVJObkUsxEd0ejUsfEnv76lx30Gc6GcR3iDNicjoITIkYnq1g2l64wJ0UbRDDzC3wkfHc+9y8U/MRHK4c/Qu5SmB3N0oLhbZQNOWToi2eKCbQ1OsWX9VgfU9wiLe4CdqNZ/4Ip8tIWopOBvQRj8cqKwuHwAw2G0AaZlZUDMiFf+8FFqNAHKMaH/VZtlCFQDcYrP5deHEmT1h0FQyLF+sNIjtN2aloxWH5nC5s0ZHzj0CqtWc6cUFUmZ1gTbhdWXajJKJcQ67bVVQyxX6nbZcrRmbiNcjYw== dchasniuk@dchasniuk-HP-ProBook-455-G7\n"
            },
            "metadata_fingerprint": "vcNt_6JstVc=",
            "metadata_startup_script": "sudo apt-get update",
            "min_cpu_platform": "",
            "name": "rad-test-vm-0",
            "network_interface": [
              {
                "access_config": [
                  {
                    "nat_ip": "34.78.198.186",
                    "network_tier": "PREMIUM",
                    "public_ptr_domain_name": ""
                  }
                ],
                "alias_ip_range": [],
                "name": "nic0",
                "network": "https://www.googleapis.com/compute/v1/projects/terraform-316615/global/networks/rad-test-vpc",
                "network_ip": "10.10.1.2",
                "nic_type": "",
                "subnetwork": "https://www.googleapis.com/compute/v1/projects/terraform-316615/regions/europe-west1/subnetworks/rad-test-public-subnet-1",
                "subnetwork_project": "terraform-316615"
              }
            ],
            "project": "terraform-316615",
            "reservation_affinity": [],
            "resource_policies": null,
            "scheduling": [
              {
                "automatic_restart": true,
                "min_node_cpus": 0,
                "node_affinities": [],
                "on_host_maintenance": "MIGRATE",
                "preemptible": false
              }
            ],
            "scratch_disk": [],
            "self_link": "https://www.googleapis.com/compute/v1/projects/terraform-316615/zones/europe-west1-b/instances/rad-test-vm-0",
            "service_account": [],
            "shielded_instance_config": [
              {
                "enable_integrity_monitoring": true,
                "enable_secure_boot": false,
                "enable_vtpm": true
              }
            ],
            "tags": [
              "http",
              "https",
              "ssh"
            ],
            "tags_fingerprint": "FeWfR_dobKY=",
            "timeouts": null,
            "zone": "europe-west1-b"
          },
          "sensitive_attributes": [],
          "private": "eyJlMmJmYjczMC1lY2FhLTExZTYtOGY4OC0zNDM2M2JjN2M0YzAiOnsiY3JlYXRlIjoxMjAwMDAwMDAwMDAwLCJkZWxldGUiOjEyMDAwMDAwMDAwMDAsInVwZGF0ZSI6MTIwMDAwMDAwMDAwMH0sInNjaGVtYV92ZXJzaW9uIjoiNiJ9",
          "dependencies": [
            "google_compute_network.vpc",
            "google_compute_subnetwork.public_subnet_1",
            "random_id.instance_id"
          ]
        }
      ]
    },
    {
      "mode": "managed",
      "type": "google_compute_network",
      "name": "vpc",
      "provider": "provider[\"registry.terraform.io/hashicorp/google\"]",
      "instances": [
        {
          "schema_version": 0,
          "attributes": {
            "auto_create_subnetworks": false,
            "delete_default_routes_on_create": false,
            "description": "",
            "gateway_ipv4": "",
            "id": "projects/terraform-316615/global/networks/rad-test-vpc",
            "mtu": 0,
            "name": "rad-test-vpc",
            "project": "terraform-316615",
            "routing_mode": "GLOBAL",
            "self_link": "https://www.googleapis.com/compute/v1/projects/terraform-316615/global/networks/rad-test-vpc",
            "timeouts": null
          },
          "sensitive_attributes": [],
          "private": "eyJlMmJmYjczMC1lY2FhLTExZTYtOGY4OC0zNDM2M2JjN2M0YzAiOnsiY3JlYXRlIjoyNDAwMDAwMDAwMDAsImRlbGV0ZSI6MjQwMDAwMDAwMDAwLCJ1cGRhdGUiOjI0MDAwMDAwMDAwMH19"
        }
      ]
    },
    {
      "mode": "managed",
      "type": "google_compute_subnetwork",
      "name": "public_subnet_1",
      "provider": "provider[\"registry.terraform.io/hashicorp/google\"]",
      "instances": [
        {
          "schema_version": 0,
          "attributes": {
            "creation_timestamp": "2021-06-16T04:37:02.825-07:00",
            "description": "",
            "fingerprint": null,
            "gateway_address": "10.10.1.1",
            "id": "projects/terraform-316615/regions/europe-west1/subnetworks/rad-test-public-subnet-1",
            "ip_cidr_range": "10.10.1.0/24",
            "log_config": [],
            "name": "rad-test-public-subnet-1",
            "network": "https://www.googleapis.com/compute/v1/projects/terraform-316615/global/networks/rad-test-vpc",
            "private_ip_google_access": false,
            "private_ipv6_google_access": "DISABLE_GOOGLE_ACCESS",
            "project": "terraform-316615",
            "region": "europe-west1",
            "secondary_ip_range": [],
            "self_link": "https://www.googleapis.com/compute/v1/projects/terraform-316615/regions/europe-west1/subnetworks/rad-test-public-subnet-1",
            "timeouts": null
          },
          "sensitive_attributes": [],
          "private": "eyJlMmJmYjczMC1lY2FhLTExZTYtOGY4OC0zNDM2M2JjN2M0YzAiOnsiY3JlYXRlIjozNjAwMDAwMDAwMDAsImRlbGV0ZSI6MzYwMDAwMDAwMDAwLCJ1cGRhdGUiOjM2MDAwMDAwMDAwMH19",
          "dependencies": [
            "google_compute_network.vpc"
          ]
        }
      ]
    },
    {
      "mode": "managed",
      "type": "random_id",
      "name": "instance_id",
      "provider": "provider[\"registry.terraform.io/hashicorp/random\"]",
      "instances": [
        {
          "schema_version": 0,
          "attributes": {
            "b64_std": "PyD+Og==",
            "b64_url": "PyD-Og",
            "byte_length": 4,
            "dec": "1059126842",
            "hex": "3f20fe3a",
            "id": "PyD-Og",
            "keepers": null,
            "prefix": null
          },
          "sensitive_attributes": [],
          "private": "bnVsbA=="
        }
      ]
    }
  ]
}
